
Microsoft Visual Studio Solution File, Format Version 12.00
# Visual Studio Version 16
VisualStudioVersion = 16.0.31702.278
MinimumVisualStudioVersion = 10.0.40219.1
Project("{8BC9CEB8-8B4A-11D0-8D11-00A0C91BC942}") = "Recursive", "Recursive\Recursive.vcxproj", "{594BA418-4788-41B4-910E-582C16586BC1}"
EndProject
Global
	GlobalSection(SolutionConfigurationPlatforms) = preSolution
		Debug|x64 = Debug|x64
		Debug|x86 = Debug|x86
		Release|x64 = Release|x64
		Release|x86 = Release|x86
	EndGlobalSection
	GlobalSection(ProjectConfigurationPlatforms) = postSolution
		{594BA418-4788-41B4-910E-582C16586BC1}.Debug|x64.ActiveCfg = Debug|x64
		{594BA418-4788-41B4-910E-582C16586BC1}.Debug|x64.Build.0 = Debug|x64
		{594BA418-4788-41B4-910E-582C16586BC1}.Debug|x86.ActiveCfg = Debug|Win32
		{594BA418-4788-41B4-910E-582C16586BC1}.Debug|x86.Build.0 = Debug|Win32
		{594BA418-4788-41B4-910E-582C16586BC1}.Release|x64.ActiveCfg = Release|x64
		{594BA418-4788-41B4-910E-582C16586BC1}.Release|x64.Build.0 = Release|x64
		{594BA418-4788-41B4-910E-582C16586BC1}.Release|x86.ActiveCfg = Release|Win32
		{594BA418-4788-41B4-910E-582C16586BC1}.Release|x86.Build.0 = Release|Win32
	EndGlobalSection
	GlobalSection(SolutionProperties) = preSolution
		HideSolutionNode = FALSE
	EndGlobalSection
	GlobalSection(ExtensibilityGlobals) = postSolution
		SolutionGuid = {A45FB30A-C34F-48C3-B5E7-ADD2743FBAF1}
	EndGlobalSection
EndGlobal
