
Microsoft Visual Studio Solution File, Format Version 12.00
# Visual Studio Version 16
VisualStudioVersion = 16.0.31702.278
MinimumVisualStudioVersion = 10.0.40219.1
Project("{8BC9CEB8-8B4A-11D0-8D11-00A0C91BC942}") = "Remain", "Remain\Remain.vcxproj", "{96DEA956-93A9-4577-9326-969DA8A11117}"
EndProject
Global
	GlobalSection(SolutionConfigurationPlatforms) = preSolution
		Debug|x64 = Debug|x64
		Debug|x86 = Debug|x86
		Release|x64 = Release|x64
		Release|x86 = Release|x86
	EndGlobalSection
	GlobalSection(ProjectConfigurationPlatforms) = postSolution
		{96DEA956-93A9-4577-9326-969DA8A11117}.Debug|x64.ActiveCfg = Debug|x64
		{96DEA956-93A9-4577-9326-969DA8A11117}.Debug|x64.Build.0 = Debug|x64
		{96DEA956-93A9-4577-9326-969DA8A11117}.Debug|x86.ActiveCfg = Debug|Win32
		{96DEA956-93A9-4577-9326-969DA8A11117}.Debug|x86.Build.0 = Debug|Win32
		{96DEA956-93A9-4577-9326-969DA8A11117}.Release|x64.ActiveCfg = Release|x64
		{96DEA956-93A9-4577-9326-969DA8A11117}.Release|x64.Build.0 = Release|x64
		{96DEA956-93A9-4577-9326-969DA8A11117}.Release|x86.ActiveCfg = Release|Win32
		{96DEA956-93A9-4577-9326-969DA8A11117}.Release|x86.Build.0 = Release|Win32
	EndGlobalSection
	GlobalSection(SolutionProperties) = preSolution
		HideSolutionNode = FALSE
	EndGlobalSection
	GlobalSection(ExtensibilityGlobals) = postSolution
		SolutionGuid = {536BB933-85A2-4011-9AC6-7736A8E25749}
	EndGlobalSection
EndGlobal
