
Microsoft Visual Studio Solution File, Format Version 12.00
# Visual Studio Version 16
VisualStudioVersion = 16.0.31702.278
MinimumVisualStudioVersion = 10.0.40219.1
Project("{8BC9CEB8-8B4A-11D0-8D11-00A0C91BC942}") = "WeLoveKriii", "WeLoveKriii\WeLoveKriii.vcxproj", "{F42F901E-E259-463D-8F68-2C62CB6E8E6B}"
EndProject
Global
	GlobalSection(SolutionConfigurationPlatforms) = preSolution
		Debug|x64 = Debug|x64
		Debug|x86 = Debug|x86
		Release|x64 = Release|x64
		Release|x86 = Release|x86
	EndGlobalSection
	GlobalSection(ProjectConfigurationPlatforms) = postSolution
		{F42F901E-E259-463D-8F68-2C62CB6E8E6B}.Debug|x64.ActiveCfg = Debug|x64
		{F42F901E-E259-463D-8F68-2C62CB6E8E6B}.Debug|x64.Build.0 = Debug|x64
		{F42F901E-E259-463D-8F68-2C62CB6E8E6B}.Debug|x86.ActiveCfg = Debug|Win32
		{F42F901E-E259-463D-8F68-2C62CB6E8E6B}.Debug|x86.Build.0 = Debug|Win32
		{F42F901E-E259-463D-8F68-2C62CB6E8E6B}.Release|x64.ActiveCfg = Release|x64
		{F42F901E-E259-463D-8F68-2C62CB6E8E6B}.Release|x64.Build.0 = Release|x64
		{F42F901E-E259-463D-8F68-2C62CB6E8E6B}.Release|x86.ActiveCfg = Release|Win32
		{F42F901E-E259-463D-8F68-2C62CB6E8E6B}.Release|x86.Build.0 = Release|Win32
	EndGlobalSection
	GlobalSection(SolutionProperties) = preSolution
		HideSolutionNode = FALSE
	EndGlobalSection
	GlobalSection(ExtensibilityGlobals) = postSolution
		SolutionGuid = {0AA62D2F-C1D3-47A4-A2CE-BF1E0FF5AFFF}
	EndGlobalSection
EndGlobal
