
Microsoft Visual Studio Solution File, Format Version 12.00
# Visual Studio Version 16
VisualStudioVersion = 16.0.31702.278
MinimumVisualStudioVersion = 10.0.40219.1
Project("{8BC9CEB8-8B4A-11D0-8D11-00A0C91BC942}") = "Joonas", "Joonas\Joonas.vcxproj", "{73A2D96E-97FD-437B-80BE-839962930BA6}"
EndProject
Global
	GlobalSection(SolutionConfigurationPlatforms) = preSolution
		Debug|x64 = Debug|x64
		Debug|x86 = Debug|x86
		Release|x64 = Release|x64
		Release|x86 = Release|x86
	EndGlobalSection
	GlobalSection(ProjectConfigurationPlatforms) = postSolution
		{73A2D96E-97FD-437B-80BE-839962930BA6}.Debug|x64.ActiveCfg = Debug|x64
		{73A2D96E-97FD-437B-80BE-839962930BA6}.Debug|x64.Build.0 = Debug|x64
		{73A2D96E-97FD-437B-80BE-839962930BA6}.Debug|x86.ActiveCfg = Debug|Win32
		{73A2D96E-97FD-437B-80BE-839962930BA6}.Debug|x86.Build.0 = Debug|Win32
		{73A2D96E-97FD-437B-80BE-839962930BA6}.Release|x64.ActiveCfg = Release|x64
		{73A2D96E-97FD-437B-80BE-839962930BA6}.Release|x64.Build.0 = Release|x64
		{73A2D96E-97FD-437B-80BE-839962930BA6}.Release|x86.ActiveCfg = Release|Win32
		{73A2D96E-97FD-437B-80BE-839962930BA6}.Release|x86.Build.0 = Release|Win32
	EndGlobalSection
	GlobalSection(SolutionProperties) = preSolution
		HideSolutionNode = FALSE
	EndGlobalSection
	GlobalSection(ExtensibilityGlobals) = postSolution
		SolutionGuid = {FBB0D842-FAF3-468A-AD11-6CD12EB3EA7A}
	EndGlobalSection
EndGlobal
